
Microsoft Visual Studio Solution File, Format Version 12.00
# Visual Studio 15
Project("{FAE04EC0-301F-11D3-BF4B-00C04F79EFBC}") = "mP7", "mP7\mP7.csproj", "{8E092952-6081-449C-BEFB-07A2094671F2}"
EndProject
Global
	GlobalSection(SolutionConfigurationPlatforms) = preSolution
		Debug|Any CPU = Debug|Any CPU
		Release|Any CPU = Release|Any CPU
	EndGlobalSection
	GlobalSection(ProjectConfigurationPlatforms) = postSolution
		{8E092952-6081-449C-BEFB-07A2094671F2}.Debug|Any CPU.ActiveCfg = Debug|Any CPU
		{8E092952-6081-449C-BEFB-07A2094671F2}.Debug|Any CPU.Build.0 = Debug|Any CPU
		{8E092952-6081-449C-BEFB-07A2094671F2}.Release|Any CPU.ActiveCfg = Release|Any CPU
		{8E092952-6081-449C-BEFB-07A2094671F2}.Release|Any CPU.Build.0 = Release|Any CPU
	EndGlobalSection
EndGlobal
